
Microsoft Visual Studio Solution File, Format Version 12.00
# Visual Studio Version 17
VisualStudioVersion = 17.1.32407.343
MinimumVisualStudioVersion = 10.0.40219.1
Project("{FAE04EC0-301F-11D3-BF4B-00C04F79EFBC}") = "XcentiumChallenge", "XcentiumChallenge\XcentiumChallenge.csproj", "{0EB8F980-A3E5-45D7-9231-A0F049E3D0A8}"
EndProject
Global
	GlobalSection(SolutionConfigurationPlatforms) = preSolution
		Debug|Any CPU = Debug|Any CPU
		Release|Any CPU = Release|Any CPU
	EndGlobalSection
	GlobalSection(ProjectConfigurationPlatforms) = postSolution
		{0EB8F980-A3E5-45D7-9231-A0F049E3D0A8}.Debug|Any CPU.ActiveCfg = Debug|Any CPU
		{0EB8F980-A3E5-45D7-9231-A0F049E3D0A8}.Debug|Any CPU.Build.0 = Debug|Any CPU
		{0EB8F980-A3E5-45D7-9231-A0F049E3D0A8}.Release|Any CPU.ActiveCfg = Release|Any CPU
		{0EB8F980-A3E5-45D7-9231-A0F049E3D0A8}.Release|Any CPU.Build.0 = Release|Any CPU
	EndGlobalSection
	GlobalSection(SolutionProperties) = preSolution
		HideSolutionNode = FALSE
	EndGlobalSection
	GlobalSection(ExtensibilityGlobals) = postSolution
		SolutionGuid = {7DA2F55D-9A01-4543-B370-11C6266513A5}
	EndGlobalSection
EndGlobal
